
Microsoft Visual Studio Solution File, Format Version 12.00
# Visual Studio Version 17
VisualStudioVersion = 17.8.34408.163
MinimumVisualStudioVersion = 10.0.40219.1
Project("{FAE04EC0-301F-11D3-BF4B-00C04F79EFBC}") = "keygen'", "SimCityKeygen\keygen'.csproj", "{45ACDB2E-B44A-4AFD-8C56-3A4BE2B35450}"
EndProject
Global
	GlobalSection(SolutionConfigurationPlatforms) = preSolution
		Debug|Any CPU = Debug|Any CPU
		Release|Any CPU = Release|Any CPU
	EndGlobalSection
	GlobalSection(ProjectConfigurationPlatforms) = postSolution
		{45ACDB2E-B44A-4AFD-8C56-3A4BE2B35450}.Debug|Any CPU.ActiveCfg = Debug|Any CPU
		{45ACDB2E-B44A-4AFD-8C56-3A4BE2B35450}.Debug|Any CPU.Build.0 = Debug|Any CPU
		{45ACDB2E-B44A-4AFD-8C56-3A4BE2B35450}.Release|Any CPU.ActiveCfg = Release|Any CPU
		{45ACDB2E-B44A-4AFD-8C56-3A4BE2B35450}.Release|Any CPU.Build.0 = Release|Any CPU
	EndGlobalSection
	GlobalSection(SolutionProperties) = preSolution
		HideSolutionNode = FALSE
	EndGlobalSection
	GlobalSection(ExtensibilityGlobals) = postSolution
		SolutionGuid = {DC8B4E88-E7F2-4F29-BB0C-0335B10C3EC4}
	EndGlobalSection
EndGlobal
